// !$*UTF8*$!
{
	archiveVersion = 1;
	classes = {
	};
	objectVersion = 51;
	objects = {

/* Begin PBXBuildFile section */
		8B17749824A7C41100E23C8B /* AppDelegate.swift in Sources */ = {isa = PBXBuildFile; fileRef = 8B17749724A7C41100E23C8B /* AppDelegate.swift */; };
		8B17749A24A7C41100E23C8B /* SceneDelegate.swift in Sources */ = {isa = PBXBuildFile; fileRef = 8B17749924A7C41100E23C8B /* SceneDelegate.swift */; };
		8B17749C24A7C41100E23C8B /* ViewController.swift in Sources */ = {isa = PBXBuildFile; fileRef = 8B17749B24A7C41100E23C8B /* ViewController.swift */; };
		8B17749F24A7C41100E23C8B /* Main.storyboard in Resources */ = {isa = PBXBuildFile; fileRef = 8B17749D24A7C41100E23C8B /* Main.storyboard */; };
		8B1774A124A7C41200E23C8B /* Assets.xcassets in Resources */ = {isa = PBXBuildFile; fileRef = 8B1774A024A7C41200E23C8B /* Assets.xcassets */; };
		8B1774A424A7C41200E23C8B /* LaunchScreen.storyboard in Resources */ = {isa = PBXBuildFile; fileRef = 8B1774A224A7C41200E23C8B /* LaunchScreen.storyboard */; };
		8B1774AF24A7C4C500E23C8B /* GoogleService-Info.plist in Resources */ = {isa = PBXBuildFile; fileRef = 8B1774AE24A7C4C500E23C8B /* GoogleService-Info.plist */; };
		8BAE7BEF24A81E5B00E9E512 /* HoltwoodOneSC-Regular.ttf in Resources */ = {isa = PBXBuildFile; fileRef = 8BAE7BEE24A81E5B00E9E512 /* HoltwoodOneSC-Regular.ttf */; };
		F941DE12A88503D0F669E807 /* Pods_Aroma.framework in Frameworks */ = {isa = PBXBuildFile; fileRef = D2F76FFDB1E5DFCACC1FDB74 /* Pods_Aroma.framework */; };
/* End PBXBuildFile section */

/* Begin PBXFileReference section */
		8B17749424A7C41100E23C8B /* Aroma.app */ = {isa = PBXFileReference; explicitFileType = wrapper.application; includeInIndex = 0; path = Aroma.app; sourceTree = BUILT_PRODUCTS_DIR; };
		8B17749724A7C41100E23C8B /* AppDelegate.swift */ = {isa = PBXFileReference; lastKnownFileType = sourcecode.swift; path = AppDelegate.swift; sourceTree = "<group>"; };
		8B17749924A7C41100E23C8B /* SceneDelegate.swift */ = {isa = PBXFileReference; lastKnownFileType = sourcecode.swift; path = SceneDelegate.swift; sourceTree = "<group>"; };
		8B17749B24A7C41100E23C8B /* ViewController.swift */ = {isa = PBXFileReference; lastKnownFileType = sourcecode.swift; path = ViewController.swift; sourceTree = "<group>"; };
		8B17749E24A7C41100E23C8B /* Base */ = {isa = PBXFileReference; lastKnownFileType = file.storyboard; name = Base; path = Base.lproj/Main.storyboard; sourceTree = "<group>"; };
		8B1774A024A7C41200E23C8B /* Assets.xcassets */ = {isa = PBXFileReference; lastKnownFileType = folder.assetcatalog; path = Assets.xcassets; sourceTree = "<group>"; };
		8B1774A324A7C41200E23C8B /* Base */ = {isa = PBXFileReference; lastKnownFileType = file.storyboard; name = Base; path = Base.lproj/LaunchScreen.storyboard; sourceTree = "<group>"; };
		8B1774A524A7C41200E23C8B /* Info.plist */ = {isa = PBXFileReference; lastKnownFileType = text.plist.xml; path = Info.plist; sourceTree = "<group>"; };
		8B1774AE24A7C4C500E23C8B /* GoogleService-Info.plist */ = {isa = PBXFileReference; fileEncoding = 4; lastKnownFileType = text.plist.xml; path = "GoogleService-Info.plist"; sourceTree = "<group>"; };
		8BAE7BEE24A81E5B00E9E512 /* HoltwoodOneSC-Regular.ttf */ = {isa = PBXFileReference; lastKnownFileType = file; path = "HoltwoodOneSC-Regular.ttf"; sourceTree = "<group>"; };
		97F3796F78C2E547DB6A840C /* Pods-Aroma.release.xcconfig */ = {isa = PBXFileReference; includeInIndex = 1; lastKnownFileType = text.xcconfig; name = "Pods-Aroma.release.xcconfig"; path = "Target Support Files/Pods-Aroma/Pods-Aroma.release.xcconfig"; sourceTree = "<group>"; };
		9C7473A0B0F4D11169498CD8 /* Pods-Aroma.debug.xcconfig */ = {isa = PBXFileReference; includeInIndex = 1; lastKnownFileType = text.xcconfig; name = "Pods-Aroma.debug.xcconfig"; path = "Target Support Files/Pods-Aroma/Pods-Aroma.debug.xcconfig"; sourceTree = "<group>"; };
		D2F76FFDB1E5DFCACC1FDB74 /* Pods_Aroma.framework */ = {isa = PBXFileReference; explicitFileType = wrapper.framework; includeInIndex = 0; path = Pods_Aroma.framework; sourceTree = BUILT_PRODUCTS_DIR; };
/* End PBXFileReference section */

/* Begin PBXFrameworksBuildPhase section */
		8B17749124A7C41100E23C8B /* Frameworks */ = {
			isa = PBXFrameworksBuildPhase;
			buildActionMask = 2147483647;
			files = (
				F941DE12A88503D0F669E807 /* Pods_Aroma.framework in Frameworks */,
			);
			runOnlyForDeploymentPostprocessing = 0;
		};
/* End PBXFrameworksBuildPhase section */

/* Begin PBXGroup section */
		6ACE70E40D73BCA466FC4A51 /* Pods */ = {
			isa = PBXGroup;
			children = (
				9C7473A0B0F4D11169498CD8 /* Pods-Aroma.debug.xcconfig */,
				97F3796F78C2E547DB6A840C /* Pods-Aroma.release.xcconfig */,
			);
			path = Pods;
			sourceTree = "<group>";
		};
		8AB7D6C66E8FF00C4B314405 /* Frameworks */ = {
			isa = PBXGroup;
			children = (
				D2F76FFDB1E5DFCACC1FDB74 /* Pods_Aroma.framework */,
			);
			name = Frameworks;
			sourceTree = "<group>";
		};
		8B17748B24A7C41100E23C8B = {
			isa = PBXGroup;
			children = (
				8B17749624A7C41100E23C8B /* Aroma */,
				8B17749524A7C41100E23C8B /* Products */,
				6ACE70E40D73BCA466FC4A51 /* Pods */,
				8AB7D6C66E8FF00C4B314405 /* Frameworks */,
			);
			sourceTree = "<group>";
		};
		8B17749524A7C41100E23C8B /* Products */ = {
			isa = PBXGroup;
			children = (
				8B17749424A7C41100E23C8B /* Aroma.app */,
			);
			name = Products;
			sourceTree = "<group>";
		};
		8B17749624A7C41100E23C8B /* Aroma */ = {
			isa = PBXGroup;
			children = (
				8B17749724A7C41100E23C8B /* AppDelegate.swift */,
				8B17749924A7C41100E23C8B /* SceneDelegate.swift */,
				8B1774AD24A7C43500E23C8B /* Model */,
				8B1774AB24A7C42300E23C8B /* View */,
				8B1774AC24A7C42900E23C8B /* Controller */,
				8B1774A024A7C41200E23C8B /* Assets.xcassets */,
				8B1774A224A7C41200E23C8B /* LaunchScreen.storyboard */,
				8B1774A524A7C41200E23C8B /* Info.plist */,
				8B1774AE24A7C4C500E23C8B /* GoogleService-Info.plist */,
				8BAE7BEE24A81E5B00E9E512 /* HoltwoodOneSC-Regular.ttf */,
			);
			path = Aroma;
			sourceTree = "<group>";
		};
		8B1774AB24A7C42300E23C8B /* View */ = {
			isa = PBXGroup;
			children = (
				8B17749D24A7C41100E23C8B /* Main.storyboard */,
			);
			path = View;
			sourceTree = "<group>";
		};
		8B1774AC24A7C42900E23C8B /* Controller */ = {
			isa = PBXGroup;
			children = (
				8B17749B24A7C41100E23C8B /* ViewController.swift */,
			);
			path = Controller;
			sourceTree = "<group>";
		};
		8B1774AD24A7C43500E23C8B /* Model */ = {
			isa = PBXGroup;
			children = (
			);
			path = Model;
			sourceTree = "<group>";
		};
/* End PBXGroup section */

/* Begin PBXNativeTarget section */
		8B17749324A7C41100E23C8B /* Aroma */ = {
			isa = PBXNativeTarget;
			buildConfigurationList = 8B1774A824A7C41200E23C8B /* Build configuration list for PBXNativeTarget "Aroma" */;
			buildPhases = (
				0F8D7B78680C0431A2C95356 /* [CP] Check Pods Manifest.lock */,
				8B17749024A7C41100E23C8B /* Sources */,
				8B17749124A7C41100E23C8B /* Frameworks */,
				8B17749224A7C41100E23C8B /* Resources */,
				F1C337241A84A4F4E5FA8888 /* [CP] Embed Pods Frameworks */,
			);
			buildRules = (
			);
			dependencies = (
			);
			name = Aroma;
			productName = Aroma;
			productReference = 8B17749424A7C41100E23C8B /* Aroma.app */;
			productType = "com.apple.product-type.application";
		};
/* End PBXNativeTarget section */

/* Begin PBXProject section */
		8B17748C24A7C41100E23C8B /* Project object */ = {
			isa = PBXProject;
			attributes = {
				LastSwiftUpdateCheck = 1150;
				LastUpgradeCheck = 1150;
				ORGANIZATIONNAME = "Vishnu Divakar";
				TargetAttributes = {
					8B17749324A7C41100E23C8B = {
						CreatedOnToolsVersion = 11.5;
					};
				};
			};
			buildConfigurationList = 8B17748F24A7C41100E23C8B /* Build configuration list for PBXProject "Aroma" */;
			compatibilityVersion = "Xcode 9.3";
			developmentRegion = en;
			hasScannedForEncodings = 0;
			knownRegions = (
				en,
				Base,
			);
			mainGroup = 8B17748B24A7C41100E23C8B;
			productRefGroup = 8B17749524A7C41100E23C8B /* Products */;
			projectDirPath = "";
			projectRoot = "";
			targets = (
				8B17749324A7C41100E23C8B /* Aroma */,
			);
		};
/* End PBXProject section */

/* Begin PBXResourcesBuildPhase section */
		8B17749224A7C41100E23C8B /* Resources */ = {
			isa = PBXResourcesBuildPhase;
			buildActionMask = 2147483647;
			files = (
				8B1774A424A7C41200E23C8B /* LaunchScreen.storyboard in Resources */,
				8BAE7BEF24A81E5B00E9E512 /* HoltwoodOneSC-Regular.ttf in Resources */,
				8B1774AF24A7C4C500E23C8B /* GoogleService-Info.plist in Resources */,
				8B1774A124A7C41200E23C8B /* Assets.xcassets in Resources */,
				8B17749F24A7C41100E23C8B /* Main.storyboard in Resources */,
			);
			runOnlyForDeploymentPostprocessing = 0;
		};
/* End PBXResourcesBuildPhase section */

/* Begin PBXShellScriptBuildPhase section */
		0F8D7B78680C0431A2C95356 /* [CP] Check Pods Manifest.lock */ = {
			isa = PBXShellScriptBuildPhase;
			buildActionMask = 2147483647;
			files = (
			);
			inputFileListPaths = (
			);
			inputPaths = (
				"${PODS_PODFILE_DIR_PATH}/Podfile.lock",
				"${PODS_ROOT}/Manifest.lock",
			);
			name = "[CP] Check Pods Manifest.lock";
			outputFileListPaths = (
			);
			outputPaths = (
				"$(DERIVED_FILE_DIR)/Pods-Aroma-checkManifestLockResult.txt",
			);
			runOnlyForDeploymentPostprocessing = 0;
			shellPath = /bin/sh;
			shellScript = "diff \"${PODS_PODFILE_DIR_PATH}/Podfile.lock\" \"${PODS_ROOT}/Manifest.lock\" > /dev/null\nif [ $? != 0 ] ; then\n    # print error to STDERR\n    echo \"error: The sandbox is not in sync with the Podfile.lock. Run 'pod install' or update your CocoaPods installation.\" >&2\n    exit 1\nfi\n# This output is used by Xcode 'outputs' to avoid re-running this script phase.\necho \"SUCCESS\" > \"${SCRIPT_OUTPUT_FILE_0}\"\n";
			showEnvVarsInLog = 0;
		};
		F1C337241A84A4F4E5FA8888 /* [CP] Embed Pods Frameworks */ = {
			isa = PBXShellScriptBuildPhase;
			buildActionMask = 2147483647;
			files = (
			);
			inputFileListPaths = (
				"${PODS_ROOT}/Target Support Files/Pods-Aroma/Pods-Aroma-frameworks-${CONFIGURATION}-input-files.xcfilelist",
			);
			name = "[CP] Embed Pods Frameworks";
			outputFileListPaths = (
				"${PODS_ROOT}/Target Support Files/Pods-Aroma/Pods-Aroma-frameworks-${CONFIGURATION}-output-files.xcfilelist",
			);
			runOnlyForDeploymentPostprocessing = 0;
			shellPath = /bin/sh;
			shellScript = "\"${PODS_ROOT}/Target Support Files/Pods-Aroma/Pods-Aroma-frameworks.sh\"\n";
			showEnvVarsInLog = 0;
		};
/* End PBXShellScriptBuildPhase section */

/* Begin PBXSourcesBuildPhase section */
		8B17749024A7C41100E23C8B /* Sources */ = {
			isa = PBXSourcesBuildPhase;
			buildActionMask = 2147483647;
			files = (
				8B17749C24A7C41100E23C8B /* ViewController.swift in Sources */,
				8B17749824A7C41100E23C8B /* AppDelegate.swift in Sources */,
				8B17749A24A7C41100E23C8B /* SceneDelegate.swift in Sources */,
			);
			runOnlyForDeploymentPostprocessing = 0;
		};
/* End PBXSourcesBuildPhase section */

/* Begin PBXVariantGroup section */
		8B17749D24A7C41100E23C8B /* Main.storyboard */ = {
			isa = PBXVariantGroup;
			children = (
				8B17749E24A7C41100E23C8B /* Base */,
			);
			name = Main.storyboard;
			sourceTree = "<group>";
		};
		8B1774A224A7C41200E23C8B /* LaunchScreen.storyboard */ = {
			isa = PBXVariantGroup;
			children = (
				8B1774A324A7C41200E23C8B /* Base */,
			);
			name = LaunchScreen.storyboard;
			sourceTree = "<group>";
		};
/* End PBXVariantGroup section */

/* Begin XCBuildConfiguration section */
		8B1774A624A7C41200E23C8B /* Debug */ = {
			isa = XCBuildConfiguration;
			buildSettings = {
				ALWAYS_SEARCH_USER_PATHS = NO;
				CLANG_ANALYZER_NONNULL = YES;
				CLANG_ANALYZER_NUMBER_OBJECT_CONVERSION = YES_AGGRESSIVE;
				CLANG_CXX_LANGUAGE_STANDARD = "gnu++14";
				CLANG_CXX_LIBRARY = "libc++";
				CLANG_ENABLE_MODULES = YES;
				CLANG_ENABLE_OBJC_ARC = YES;
				CLANG_ENABLE_OBJC_WEAK = YES;
				CLANG_WARN_BLOCK_CAPTURE_AUTORELEASING = YES;
				CLANG_WARN_BOOL_CONVERSION = YES;
				CLANG_WARN_COMMA = YES;
				CLANG_WARN_CONSTANT_CONVERSION = YES;
				CLANG_WARN_DEPRECATED_OBJC_IMPLEMENTATIONS = YES;
				CLANG_WARN_DIRECT_OBJC_ISA_USAGE = YES_ERROR;
				CLANG_WARN_DOCUMENTATION_COMMENTS = YES;
				CLANG_WARN_EMPTY_BODY = YES;
				CLANG_WARN_ENUM_CONVERSION = YES;
				CLANG_WARN_INFINITE_RECURSION = YES;
				CLANG_WARN_INT_CONVERSION = YES;
				CLANG_WARN_NON_LITERAL_NULL_CONVERSION = YES;
				CLANG_WARN_OBJC_IMPLICIT_RETAIN_SELF = YES;
				CLANG_WARN_OBJC_LITERAL_CONVERSION = YES;
				CLANG_WARN_OBJC_ROOT_CLASS = YES_ERROR;
				CLANG_WARN_RANGE_LOOP_ANALYSIS = YES;
				CLANG_WARN_STRICT_PROTOTYPES = YES;
				CLANG_WARN_SUSPICIOUS_MOVE = YES;
				CLANG_WARN_UNGUARDED_AVAILABILITY = YES_AGGRESSIVE;
				CLANG_WARN_UNREACHABLE_CODE = YES;
				CLANG_WARN__DUPLICATE_METHOD_MATCH = YES;
				COPY_PHASE_STRIP = NO;
				DEBUG_INFORMATION_FORMAT = dwarf;
				ENABLE_STRICT_OBJC_MSGSEND = YES;
				ENABLE_TESTABILITY = YES;
				GCC_C_LANGUAGE_STANDARD = gnu11;
				GCC_DYNAMIC_NO_PIC = NO;
				GCC_NO_COMMON_BLOCKS = YES;
				GCC_OPTIMIZATION_LEVEL = 0;
				GCC_PREPROCESSOR_DEFINITIONS = (
					"DEBUG=1",
					"$(inherited)",
				);
				GCC_WARN_64_TO_32_BIT_CONVERSION = YES;
				GCC_WARN_ABOUT_RETURN_TYPE = YES_ERROR;
				GCC_WARN_UNDECLARED_SELECTOR = YES;
				GCC_WARN_UNINITIALIZED_AUTOS = YES_AGGRESSIVE;
				GCC_WARN_UNUSED_FUNCTION = YES;
				GCC_WARN_UNUSED_VARIABLE = YES;
				IPHONEOS_DEPLOYMENT_TARGET = 13.5;
				MTL_ENABLE_DEBUG_INFO = INCLUDE_SOURCE;
				MTL_FAST_MATH = YES;
				ONLY_ACTIVE_ARCH = YES;
				SDKROOT = iphoneos;
				SWIFT_ACTIVE_COMPILATION_CONDITIONS = DEBUG;
				SWIFT_OPTIMIZATION_LEVEL = "-Onone";
			};
			name = Debug;
		};
		8B1774A724A7C41200E23C8B /* Release */ = {
			isa = XCBuildConfiguration;
			buildSettings = {
				ALWAYS_SEARCH_USER_PATHS = NO;
				CLANG_ANALYZER_NONNULL = YES;
				CLANG_ANALYZER_NUMBER_OBJECT_CONVERSION = YES_AGGRESSIVE;
				CLANG_CXX_LANGUAGE_STANDARD = "gnu++14";
				CLANG_CXX_LIBRARY = "libc++";
				CLANG_ENABLE_MODULES = YES;
				CLANG_ENABLE_OBJC_ARC = YES;
				CLANG_ENABLE_OBJC_WEAK = YES;
				CLANG_WARN_BLOCK_CAPTURE_AUTORELEASING = YES;
				CLANG_WARN_BOOL_CONVERSION = YES;
				CLANG_WARN_COMMA = YES;
				CLANG_WARN_CONSTANT_CONVERSION = YES;
				CLANG_WARN_DEPRECATED_OBJC_IMPLEMENTATIONS = YES;
				CLANG_WARN_DIRECT_OBJC_ISA_USAGE = YES_ERROR;
				CLANG_WARN_DOCUMENTATION_COMMENTS = YES;
				CLANG_WARN_EMPTY_BODY = YES;
				CLANG_WARN_ENUM_CONVERSION = YES;
				CLANG_WARN_INFINITE_RECURSION = YES;
				CLANG_WARN_INT_CONVERSION = YES;
				CLANG_WARN_NON_LITERAL_NULL_CONVERSION = YES;
				CLANG_WARN_OBJC_IMPLICIT_RETAIN_SELF = YES;
				CLANG_WARN_OBJC_LITERAL_CONVERSION = YES;
				CLANG_WARN_OBJC_ROOT_CLASS = YES_ERROR;
				CLANG_WARN_RANGE_LOOP_ANALYSIS = YES;
				CLANG_WARN_STRICT_PROTOTYPES = YES;
				CLANG_WARN_SUSPICIOUS_MOVE = YES;
				CLANG_WARN_UNGUARDED_AVAILABILITY = YES_AGGRESSIVE;
				CLANG_WARN_UNREACHABLE_CODE = YES;
				CLANG_WARN__DUPLICATE_METHOD_MATCH = YES;
				COPY_PHASE_STRIP = NO;
				DEBUG_INFORMATION_FORMAT = "dwarf-with-dsym";
				ENABLE_NS_ASSERTIONS = NO;
				ENABLE_STRICT_OBJC_MSGSEND = YES;
				GCC_C_LANGUAGE_STANDARD = gnu11;
				GCC_NO_COMMON_BLOCKS = YES;
				GCC_WARN_64_TO_32_BIT_CONVERSION = YES;
				GCC_WARN_ABOUT_RETURN_TYPE = YES_ERROR;
				GCC_WARN_UNDECLARED_SELECTOR = YES;
				GCC_WARN_UNINITIALIZED_AUTOS = YES_AGGRESSIVE;
				GCC_WARN_UNUSED_FUNCTION = YES;
				GCC_WARN_UNUSED_VARIABLE = YES;
				IPHONEOS_DEPLOYMENT_TARGET = 13.5;
				MTL_ENABLE_DEBUG_INFO = NO;
				MTL_FAST_MATH = YES;
				SDKROOT = iphoneos;
				SWIFT_COMPILATION_MODE = wholemodule;
				SWIFT_OPTIMIZATION_LEVEL = "-O";
				VALIDATE_PRODUCT = YES;
			};
			name = Release;
		};
		8B1774A924A7C41200E23C8B /* Debug */ = {
			isa = XCBuildConfiguration;
			baseConfigurationReference = 9C7473A0B0F4D11169498CD8 /* Pods-Aroma.debug.xcconfig */;
			buildSettings = {
				ASSETCATALOG_COMPILER_APPICON_NAME = AppIcon;
				CODE_SIGN_STYLE = Automatic;
				DEVELOPMENT_TEAM = UV6TBUAQ37;
				INFOPLIST_FILE = Aroma/Info.plist;
				LD_RUNPATH_SEARCH_PATHS = (
					"$(inherited)",
					"@executable_path/Frameworks",
				);
				PRODUCT_BUNDLE_IDENTIFIER = wanderingThinkter.Aroma;
				PRODUCT_NAME = "$(TARGET_NAME)";
				SWIFT_VERSION = 5.0;
				TARGETED_DEVICE_FAMILY = "1,2";
			};
			name = Debug;
		};
		8B1774AA24A7C41200E23C8B /* Release */ = {
			isa = XCBuildConfiguration;
			baseConfigurationReference = 97F3796F78C2E547DB6A840C /* Pods-Aroma.release.xcconfig */;
			buildSettings = {
				ASSETCATALOG_COMPILER_APPICON_NAME = AppIcon;
				CODE_SIGN_STYLE = Automatic;
				DEVELOPMENT_TEAM = UV6TBUAQ37;
				INFOPLIST_FILE = Aroma/Info.plist;
				LD_RUNPATH_SEARCH_PATHS = (
					"$(inherited)",
					"@executable_path/Frameworks",
				);
				PRODUCT_BUNDLE_IDENTIFIER = wanderingThinkter.Aroma;
				PRODUCT_NAME = "$(TARGET_NAME)";
				SWIFT_VERSION = 5.0;
				TARGETED_DEVICE_FAMILY = "1,2";
			};
			name = Release;
		};
/* End XCBuildConfiguration section */

/* Begin XCConfigurationList section */
		8B17748F24A7C41100E23C8B /* Build configuration list for PBXProject "Aroma" */ = {
			isa = XCConfigurationList;
			buildConfigurations = (
				8B1774A624A7C41200E23C8B /* Debug */,
				8B1774A724A7C41200E23C8B /* Release */,
			);
			defaultConfigurationIsVisible = 0;
			defaultConfigurationName = Release;
		};
		8B1774A824A7C41200E23C8B /* Build configuration list for PBXNativeTarget "Aroma" */ = {
			isa = XCConfigurationList;
			buildConfigurations = (
				8B1774A924A7C41200E23C8B /* Debug */,
				8B1774AA24A7C41200E23C8B /* Release */,
			);
			defaultConfigurationIsVisible = 0;
			defaultConfigurationName = Release;
		};
/* End XCConfigurationList section */
	};
	rootObject = 8B17748C24A7C41100E23C8B /* Project object */;
}
